
Microsoft Visual Studio Solution File, Format Version 12.00
# Visual Studio Version 17
VisualStudioVersion = 17.0.32126.317
MinimumVisualStudioVersion = 10.0.40219.1
Project("{9A19103F-16F7-4668-BE54-9A1E7A4F7556}") = "RIA2022", "RIA2022\RIA2022.csproj", "{4CA7FFC8-B765-47C8-8075-FAA1DDE77F03}"
EndProject
Project("{E53339B2-1760-4266-BCC7-CA923CBCF16C}") = "docker-compose", "docker-compose.dcproj", "{5725670C-B5D7-43AF-BDC4-51A753DBAA48}"
EndProject
Project("{9A19103F-16F7-4668-BE54-9A1E7A4F7556}") = "DataAccessLayer", "DataAccessLayer\DataAccessLayer.csproj", "{0E0AEFC2-F934-41AE-9275-28D917B2CBA4}"
EndProject
Project("{9A19103F-16F7-4668-BE54-9A1E7A4F7556}") = "Shared", "Shared\Shared.csproj", "{0F95BD9F-D793-4742-9480-3B4AC11DAFDC}"
EndProject
Project("{9A19103F-16F7-4668-BE54-9A1E7A4F7556}") = "BusinessLayer", "BusinessLayer\BusinessLayer.csproj", "{A666DF36-5BD5-4EE5-AC46-74C4FC59AD75}"
EndProject
Project("{2150E333-8FDC-42A3-9474-1A3956D46DE8}") = "Solution Items", "Solution Items", "{2C94F7CE-439C-471A-BAEF-515BDB89CCA2}"
	ProjectSection(SolutionItems) = preProject
		.editorconfig = .editorconfig
	EndProjectSection
EndProject
Global
	GlobalSection(SolutionConfigurationPlatforms) = preSolution
		Debug|Any CPU = Debug|Any CPU
		Release|Any CPU = Release|Any CPU
	EndGlobalSection
	GlobalSection(ProjectConfigurationPlatforms) = postSolution
		{4CA7FFC8-B765-47C8-8075-FAA1DDE77F03}.Debug|Any CPU.ActiveCfg = Debug|Any CPU
		{4CA7FFC8-B765-47C8-8075-FAA1DDE77F03}.Debug|Any CPU.Build.0 = Debug|Any CPU
		{4CA7FFC8-B765-47C8-8075-FAA1DDE77F03}.Release|Any CPU.ActiveCfg = Release|Any CPU
		{4CA7FFC8-B765-47C8-8075-FAA1DDE77F03}.Release|Any CPU.Build.0 = Release|Any CPU
		{5725670C-B5D7-43AF-BDC4-51A753DBAA48}.Debug|Any CPU.ActiveCfg = Debug|Any CPU
		{5725670C-B5D7-43AF-BDC4-51A753DBAA48}.Debug|Any CPU.Build.0 = Debug|Any CPU
		{5725670C-B5D7-43AF-BDC4-51A753DBAA48}.Release|Any CPU.ActiveCfg = Release|Any CPU
		{5725670C-B5D7-43AF-BDC4-51A753DBAA48}.Release|Any CPU.Build.0 = Release|Any CPU
		{0E0AEFC2-F934-41AE-9275-28D917B2CBA4}.Debug|Any CPU.ActiveCfg = Debug|Any CPU
		{0E0AEFC2-F934-41AE-9275-28D917B2CBA4}.Debug|Any CPU.Build.0 = Debug|Any CPU
		{0E0AEFC2-F934-41AE-9275-28D917B2CBA4}.Release|Any CPU.ActiveCfg = Release|Any CPU
		{0E0AEFC2-F934-41AE-9275-28D917B2CBA4}.Release|Any CPU.Build.0 = Release|Any CPU
		{0F95BD9F-D793-4742-9480-3B4AC11DAFDC}.Debug|Any CPU.ActiveCfg = Debug|Any CPU
		{0F95BD9F-D793-4742-9480-3B4AC11DAFDC}.Debug|Any CPU.Build.0 = Debug|Any CPU
		{0F95BD9F-D793-4742-9480-3B4AC11DAFDC}.Release|Any CPU.ActiveCfg = Release|Any CPU
		{0F95BD9F-D793-4742-9480-3B4AC11DAFDC}.Release|Any CPU.Build.0 = Release|Any CPU
		{A666DF36-5BD5-4EE5-AC46-74C4FC59AD75}.Debug|Any CPU.ActiveCfg = Debug|Any CPU
		{A666DF36-5BD5-4EE5-AC46-74C4FC59AD75}.Debug|Any CPU.Build.0 = Debug|Any CPU
		{A666DF36-5BD5-4EE5-AC46-74C4FC59AD75}.Release|Any CPU.ActiveCfg = Release|Any CPU
		{A666DF36-5BD5-4EE5-AC46-74C4FC59AD75}.Release|Any CPU.Build.0 = Release|Any CPU
	EndGlobalSection
	GlobalSection(SolutionProperties) = preSolution
		HideSolutionNode = FALSE
	EndGlobalSection
	GlobalSection(ExtensibilityGlobals) = postSolution
		SolutionGuid = {A5FC9C51-E2BA-4A74-9A8C-399E26E29F9B}
	EndGlobalSection
EndGlobal
